
Microsoft Visual Studio Solution File, Format Version 12.00
# Visual Studio Version 16
VisualStudioVersion = 16.0.30011.22
MinimumVisualStudioVersion = 10.0.40219.1
Project("{FAE04EC0-301F-11D3-BF4B-00C04F79EFBC}") = "LineChatBot_DotNetCore", "LineChatBot_DotNetCore\LineChatBot_DotNetCore.csproj", "{56B361A9-6153-448B-87D7-79148165B76A}"
EndProject
Global
	GlobalSection(SolutionConfigurationPlatforms) = preSolution
		Debug|Any CPU = Debug|Any CPU
		Release|Any CPU = Release|Any CPU
	EndGlobalSection
	GlobalSection(ProjectConfigurationPlatforms) = postSolution
		{56B361A9-6153-448B-87D7-79148165B76A}.Debug|Any CPU.ActiveCfg = Debug|Any CPU
		{56B361A9-6153-448B-87D7-79148165B76A}.Debug|Any CPU.Build.0 = Debug|Any CPU
		{56B361A9-6153-448B-87D7-79148165B76A}.Release|Any CPU.ActiveCfg = Release|Any CPU
		{56B361A9-6153-448B-87D7-79148165B76A}.Release|Any CPU.Build.0 = Release|Any CPU
	EndGlobalSection
	GlobalSection(SolutionProperties) = preSolution
		HideSolutionNode = FALSE
	EndGlobalSection
	GlobalSection(ExtensibilityGlobals) = postSolution
		SolutionGuid = {D484F82E-BED0-4894-8CDE-852825A61C6B}
	EndGlobalSection
EndGlobal
